
Microsoft Visual Studio Solution File, Format Version 12.00
# Visual Studio Version 16
VisualStudioVersion = 16.0.29920.165
MinimumVisualStudioVersion = 10.0.40219.1
Project("{FAE04EC0-301F-11D3-BF4B-00C04F79EFBC}") = "Metodes_27_12_2020", "Metodes_27_12_2020.csproj", "{20DEAA2E-146B-408C-BA42-054E15C94E42}"
EndProject
Global
	GlobalSection(SolutionConfigurationPlatforms) = preSolution
		Debug|Any CPU = Debug|Any CPU
		Release|Any CPU = Release|Any CPU
	EndGlobalSection
	GlobalSection(ProjectConfigurationPlatforms) = postSolution
		{20DEAA2E-146B-408C-BA42-054E15C94E42}.Debug|Any CPU.ActiveCfg = Debug|Any CPU
		{20DEAA2E-146B-408C-BA42-054E15C94E42}.Debug|Any CPU.Build.0 = Debug|Any CPU
		{20DEAA2E-146B-408C-BA42-054E15C94E42}.Release|Any CPU.ActiveCfg = Release|Any CPU
		{20DEAA2E-146B-408C-BA42-054E15C94E42}.Release|Any CPU.Build.0 = Release|Any CPU
	EndGlobalSection
	GlobalSection(SolutionProperties) = preSolution
		HideSolutionNode = FALSE
	EndGlobalSection
	GlobalSection(ExtensibilityGlobals) = postSolution
		SolutionGuid = {50A85018-A6A0-4779-8B5D-C4D7A01794A5}
	EndGlobalSection
EndGlobal
