
Microsoft Visual Studio Solution File, Format Version 12.00
# Visual Studio Version 16
VisualStudioVersion = 16.0.29920.165
MinimumVisualStudioVersion = 10.0.40219.1
Project("{FAE04EC0-301F-11D3-BF4B-00C04F79EFBC}") = "Tuple_06_01_2021", "Tuple_06_01_2021.csproj", "{0067392B-4718-4C2E-AB90-5D9F955D8E0F}"
EndProject
Global
	GlobalSection(SolutionConfigurationPlatforms) = preSolution
		Debug|Any CPU = Debug|Any CPU
		Release|Any CPU = Release|Any CPU
	EndGlobalSection
	GlobalSection(ProjectConfigurationPlatforms) = postSolution
		{0067392B-4718-4C2E-AB90-5D9F955D8E0F}.Debug|Any CPU.ActiveCfg = Debug|Any CPU
		{0067392B-4718-4C2E-AB90-5D9F955D8E0F}.Debug|Any CPU.Build.0 = Debug|Any CPU
		{0067392B-4718-4C2E-AB90-5D9F955D8E0F}.Release|Any CPU.ActiveCfg = Release|Any CPU
		{0067392B-4718-4C2E-AB90-5D9F955D8E0F}.Release|Any CPU.Build.0 = Release|Any CPU
	EndGlobalSection
	GlobalSection(SolutionProperties) = preSolution
		HideSolutionNode = FALSE
	EndGlobalSection
	GlobalSection(ExtensibilityGlobals) = postSolution
		SolutionGuid = {9FD9488B-22A3-4D5C-9B29-DFF816CDE965}
	EndGlobalSection
EndGlobal
