
Microsoft Visual Studio Solution File, Format Version 12.00
# Visual Studio Version 16
VisualStudioVersion = 16.0.29920.165
MinimumVisualStudioVersion = 10.0.40219.1
Project("{FAE04EC0-301F-11D3-BF4B-00C04F79EFBC}") = "varieable_and_operator", "varieable_and_operator\varieable_and_operator.csproj", "{60621B60-E680-4C4E-9222-A270C99B7300}"
EndProject
Global
	GlobalSection(SolutionConfigurationPlatforms) = preSolution
		Debug|Any CPU = Debug|Any CPU
		Release|Any CPU = Release|Any CPU
	EndGlobalSection
	GlobalSection(ProjectConfigurationPlatforms) = postSolution
		{60621B60-E680-4C4E-9222-A270C99B7300}.Debug|Any CPU.ActiveCfg = Debug|Any CPU
		{60621B60-E680-4C4E-9222-A270C99B7300}.Debug|Any CPU.Build.0 = Debug|Any CPU
		{60621B60-E680-4C4E-9222-A270C99B7300}.Release|Any CPU.ActiveCfg = Release|Any CPU
		{60621B60-E680-4C4E-9222-A270C99B7300}.Release|Any CPU.Build.0 = Release|Any CPU
	EndGlobalSection
	GlobalSection(SolutionProperties) = preSolution
		HideSolutionNode = FALSE
	EndGlobalSection
	GlobalSection(ExtensibilityGlobals) = postSolution
		SolutionGuid = {9F9B742B-3ADA-4C8C-A98C-B1C74E537420}
	EndGlobalSection
EndGlobal
