
Microsoft Visual Studio Solution File, Format Version 12.00
# Visual Studio Version 16
VisualStudioVersion = 16.0.29920.165
MinimumVisualStudioVersion = 10.0.40219.1
Project("{FAE04EC0-301F-11D3-BF4B-00C04F79EFBC}") = "ReferenceStackAndHeap_07_01_2021", "ReferenceStackAndHeap_07_01_2021.csproj", "{C20C79F0-0A38-44DD-8790-6F44145583C6}"
EndProject
Global
	GlobalSection(SolutionConfigurationPlatforms) = preSolution
		Debug|Any CPU = Debug|Any CPU
		Release|Any CPU = Release|Any CPU
	EndGlobalSection
	GlobalSection(ProjectConfigurationPlatforms) = postSolution
		{C20C79F0-0A38-44DD-8790-6F44145583C6}.Debug|Any CPU.ActiveCfg = Debug|Any CPU
		{C20C79F0-0A38-44DD-8790-6F44145583C6}.Debug|Any CPU.Build.0 = Debug|Any CPU
		{C20C79F0-0A38-44DD-8790-6F44145583C6}.Release|Any CPU.ActiveCfg = Release|Any CPU
		{C20C79F0-0A38-44DD-8790-6F44145583C6}.Release|Any CPU.Build.0 = Release|Any CPU
	EndGlobalSection
	GlobalSection(SolutionProperties) = preSolution
		HideSolutionNode = FALSE
	EndGlobalSection
	GlobalSection(ExtensibilityGlobals) = postSolution
		SolutionGuid = {E66CFD6C-BF3D-4330-AAE9-D2FBCAC440AC}
	EndGlobalSection
EndGlobal
